
Microsoft Visual Studio Solution File, Format Version 12.00
# Visual Studio Version 17
VisualStudioVersion = 17.3.32922.545
MinimumVisualStudioVersion = 10.0.40219.1
Project("{911E67C6-3D85-4FCE-B560-20A9C3E3FF48}") = "adb", "adb.exe", "{89604B6C-336A-4251-A5FF-3118A6C91D77}"
	ProjectSection(DebuggerProjectSystem) = preProject
		PortSupplier = 00000000-0000-0000-0000-000000000000
		Executable = C:\Users\FiveS\Desktop\Android\ADB - platform-tools_r33.0.2-windows\platform-tools\adb.exe
		RemoteMachine = ECHO5-3
		StartingDirectory = C:\Users\FiveS\Desktop\Android\ADB - platform-tools_r33.0.2-windows\platform-tools
		Environment = Default
		LaunchingEngine = 00000000-0000-0000-0000-000000000000
		UseLegacyDebugEngines = No
		LaunchSQLEngine = No
		AttachLaunchAction = No
		IORedirection = Auto
	EndProjectSection
EndProject
Global
	GlobalSection(SolutionConfigurationPlatforms) = preSolution
		Release|x86 = Release|x86
	EndGlobalSection
	GlobalSection(ProjectConfigurationPlatforms) = postSolution
		{89604B6C-336A-4251-A5FF-3118A6C91D77}.Release|x86.ActiveCfg = Release|x86
	EndGlobalSection
	GlobalSection(SolutionProperties) = preSolution
		HideSolutionNode = FALSE
	EndGlobalSection
	GlobalSection(ExtensibilityGlobals) = postSolution
		SolutionGuid = {E62EB4E2-9992-405A-96E3-C73B179F5087}
	EndGlobalSection
EndGlobal
